{
  "name": "mihomo-script-rules-tests",
  "version": "1.0.0",
  "lockfileVersion": 3,
  "requires": true,
  "packages": {
    "": {
      "name": "mihomo-script-rules-tests",
      "version": "1.0.0",
      "devDependencies": {
        "espree": "^9.6.1",
        "quickjs-emscripten": "^0.32.0"
      }
    },
    "node_modules/@jitl/quickjs-ffi-types": {
      "version": "0.32.0",
      "resolved": "https://registry.npmmirror.com/@jitl/quickjs-ffi-types/-/quickjs-ffi-types-0.32.0.tgz",
      "integrity": "sha512-v9T+GQpmk43VDJ7d72sf0Nexhk+ArvtUihW27dy7lqAl0zBObFKtSBBIm5RBjwIhE8VwsPPm9PNuvPvNqLWUEg==",
      "dev": true,
      "license": "MIT"
    },
    "node_modules/@jitl/quickjs-wasmfile-debug-asyncify": {
      "version": "0.32.0",
      "resolved": "https://registry.npmmirror.com/@jitl/quickjs-wasmfile-debug-asyncify/-/quickjs-wasmfile-debug-asyncify-0.32.0.tgz",
      "integrity": "sha512-EX8zbXwGqCgAE764M+qvkHtyXDi/FUoMBea0JnES7vCM3P7a2+EOZOjGv85wtZ2sJhI1oJ+nekmqpOODFDY+hw==",
      "dev": true,
      "license": "MIT",
      "dependencies": {
        "@jitl/quickjs-ffi-types": "0.32.0"
      }
    },
    "node_modules/@jitl/quickjs-wasmfile-debug-sync": {
      "version": "0.32.0",
      "resolved": "https://registry.npmmirror.com/@jitl/quickjs-wasmfile-debug-sync/-/quickjs-wasmfile-debug-sync-0.32.0.tgz",
      "integrity": "sha512-LeYWrPGC1uNCTBWvibo3ZLJj0CSVNYUXvJpXMCmuQ5Sap2cCACc3uvGvYV4homHHBAzfw5akoTqMMS4YFRtw+Q==",
      "dev": true,
      "license": "MIT",
      "dependencies": {
        "@jitl/quickjs-ffi-types": "0.32.0"
      }
    },
    "node_modules/@jitl/quickjs-wasmfile-release-asyncify": {
      "version": "0.32.0",
      "resolved": "https://registry.npmmirror.com/@jitl/quickjs-wasmfile-release-asyncify/-/quickjs-wasmfile-release-asyncify-0.32.0.tgz",
      "integrity": "sha512-3oSwPfja12ICz4aIblB58cuY8JlEq5Txt8Cut4VLo+LH47QN+mzCnSgnbB03hWzg1LBcc+VyyI9UOag7a1NF+Q==",
      "dev": true,
      "license": "MIT",
      "dependencies": {
        "@jitl/quickjs-ffi-types": "0.32.0"
      }
    },
    "node_modules/@jitl/quickjs-wasmfile-release-sync": {
      "version": "0.32.0",
      "resolved": "https://registry.npmmirror.com/@jitl/quickjs-wasmfile-release-sync/-/quickjs-wasmfile-release-sync-0.32.0.tgz",
      "integrity": "sha512-BKNDI/TPBfGlLNGYpLrhcDGXmIk4xHm4MRAisOBnOzpXVn9HZWsfmMAc9WMBrAHjvvds6HOikKeaOBKdPdpVrg==",
      "dev": true,
      "license": "MIT",
      "dependencies": {
        "@jitl/quickjs-ffi-types": "0.32.0"
      }
    },
    "node_modules/acorn": {
      "version": "8.18.0",
      "resolved": "https://registry.npmmirror.com/acorn/-/acorn-8.18.0.tgz",
      "integrity": "sha512-lGq+9yr1/GuAWaVYIHRjvvySG5/4VfKIvC8EWxStPdcDh/Ka7FG3twP6v4d5BkravUilhIAsG4Qj83t02LWUPQ==",
      "dev": true,
      "license": "MIT",
      "bin": {
        "acorn": "bin/acorn"
      },
      "engines": {
        "node": ">=0.4.0"
      }
    },
    "node_modules/acorn-jsx": {
      "version": "5.3.2",
      "resolved": "https://registry.npmmirror.com/acorn-jsx/-/acorn-jsx-5.3.2.tgz",
      "integrity": "sha512-rq9s+JNhf0IChjtDXxllJ7g41oZk5SlXtp0LHwyA5cejwn7vKmKp4pPri6YEePv2PU65sAsegbXtIinmDFDXgQ==",
      "dev": true,
      "license": "MIT",
      "peerDependencies": {
        "acorn": "^6.0.0 || ^7.0.0 || ^8.0.0"
      }
    },
    "node_modules/eslint-visitor-keys": {
      "version": "3.4.3",
      "resolved": "https://registry.npmmirror.com/eslint-visitor-keys/-/eslint-visitor-keys-3.4.3.tgz",
      "integrity": "sha512-wpc+LXeiyiisxPlEkUzU6svyS1frIO3Mgxj1fdy7Pm8Ygzguax2N3Fa/D/ag1WqbOprdI+uY6wMUl8/a2G+iag==",
      "dev": true,
      "license": "Apache-2.0",
      "engines": {
        "node": "^12.22.0 || ^14.17.0 || >=16.0.0"
      },
      "funding": {
        "url": "https://opencollective.com/eslint"
      }
    },
    "node_modules/espree": {
      "version": "9.6.1",
      "resolved": "https://registry.npmmirror.com/espree/-/espree-9.6.1.tgz",
      "integrity": "sha512-oruZaFkjorTpF32kDSI5/75ViwGeZginGGy2NoOSg3Q9bnwlnmDm4HLnkl0RE3n+njDXR037aY1+x58Z/zFdwQ==",
      "dev": true,
      "license": "BSD-2-Clause",
      "dependencies": {
        "acorn": "^8.9.0",
        "acorn-jsx": "^5.3.2",
        "eslint-visitor-keys": "^3.4.1"
      },
      "engines": {
        "node": "^12.22.0 || ^14.17.0 || >=16.0.0"
      },
      "funding": {
        "url": "https://opencollective.com/eslint"
      }
    },
    "node_modules/quickjs-emscripten": {
      "version": "0.32.0",
      "resolved": "https://registry.npmmirror.com/quickjs-emscripten/-/quickjs-emscripten-0.32.0.tgz",
      "integrity": "sha512-So0Sqw869y/S2oE3Nuc0uT3Dhqgvsj8FSrwBdsuTosVsG8ME5/OcudU1GxsrIFdFABgy17GHnTVO9TYV/bLQcA==",
      "dev": true,
      "license": "MIT",
      "dependencies": {
        "@jitl/quickjs-wasmfile-debug-asyncify": "0.32.0",
        "@jitl/quickjs-wasmfile-debug-sync": "0.32.0",
        "@jitl/quickjs-wasmfile-release-asyncify": "0.32.0",
        "@jitl/quickjs-wasmfile-release-sync": "0.32.0",
        "quickjs-emscripten-core": "0.32.0"
      },
      "engines": {
        "node": ">=16.0.0"
      }
    },
    "node_modules/quickjs-emscripten-core": {
      "version": "0.32.0",
      "resolved": "https://registry.npmmirror.com/quickjs-emscripten-core/-/quickjs-emscripten-core-0.32.0.tgz",
      "integrity": "sha512-QFnPfjFey8EqknSrSxe1hZrf1/8z7/6s1QzGOmKo6++02r7QRRX7ZoyNaZh7JuVjWsVW87KnQrbZqnHkOAzUyg==",
      "dev": true,
      "license": "MIT",
      "dependencies": {
        "@jitl/quickjs-ffi-types": "0.32.0"
      }
    }
  }
}
